
Microsoft Visual Studio Solution File, Format Version 12.00
# Visual Studio Version 17
VisualStudioVersion = 17.14.36414.22 d17.14
MinimumVisualStudioVersion = 10.0.40219.1
Project("{FAE04EC0-301F-11D3-BF4B-00C04F79EFBC}") = "MvcProduct", "MvcProduct\MvcProduct.csproj", "{A88BD42A-1FE7-4000-A885-EB9A3D3638D0}"
EndProject
Global
	GlobalSection(SolutionConfigurationPlatforms) = preSolution
		Debug|Any CPU = Debug|Any CPU
		Release|Any CPU = Release|Any CPU
	EndGlobalSection
	GlobalSection(ProjectConfigurationPlatforms) = postSolution
		{A88BD42A-1FE7-4000-A885-EB9A3D3638D0}.Debug|Any CPU.ActiveCfg = Debug|Any CPU
		{A88BD42A-1FE7-4000-A885-EB9A3D3638D0}.Debug|Any CPU.Build.0 = Debug|Any CPU
		{A88BD42A-1FE7-4000-A885-EB9A3D3638D0}.Release|Any CPU.ActiveCfg = Release|Any CPU
		{A88BD42A-1FE7-4000-A885-EB9A3D3638D0}.Release|Any CPU.Build.0 = Release|Any CPU
	EndGlobalSection
	GlobalSection(SolutionProperties) = preSolution
		HideSolutionNode = FALSE
	EndGlobalSection
	GlobalSection(ExtensibilityGlobals) = postSolution
		SolutionGuid = {2E4483F7-A9B3-4E7A-B611-33D2ACB6C8E9}
	EndGlobalSection
EndGlobal
